
Microsoft Visual Studio Solution File, Format Version 12.00
# Visual Studio 2012
Project("{FAE04EC0-301F-11D3-BF4B-00C04F79EFBC}") = "db-net", "db-net\db-net.csproj", "{FF829A25-0CEF-4983-AEFC-CCD094C73D50}"
EndProject
Project("{FAE04EC0-301F-11D3-BF4B-00C04F79EFBC}") = "Record", "Record\Record.csproj", "{18C8C186-C6D6-48CD-A9CB-C22702F4FEC7}"
EndProject
Project("{FAE04EC0-301F-11D3-BF4B-00C04F79EFBC}") = "ReadRecords", "ReadRecords\ReadRecords.csproj", "{FFC4EB4D-E77C-448D-B89A-CC5F4E591E1F}"
EndProject
Global
	GlobalSection(SolutionConfigurationPlatforms) = preSolution
		Debug|Any CPU = Debug|Any CPU
		Release|Any CPU = Release|Any CPU
	EndGlobalSection
	GlobalSection(ProjectConfigurationPlatforms) = postSolution
		{FF829A25-0CEF-4983-AEFC-CCD094C73D50}.Debug|Any CPU.ActiveCfg = Debug|Any CPU
		{FF829A25-0CEF-4983-AEFC-CCD094C73D50}.Debug|Any CPU.Build.0 = Debug|Any CPU
		{FF829A25-0CEF-4983-AEFC-CCD094C73D50}.Release|Any CPU.ActiveCfg = Release|Any CPU
		{FF829A25-0CEF-4983-AEFC-CCD094C73D50}.Release|Any CPU.Build.0 = Release|Any CPU
		{18C8C186-C6D6-48CD-A9CB-C22702F4FEC7}.Debug|Any CPU.ActiveCfg = Debug|Any CPU
		{18C8C186-C6D6-48CD-A9CB-C22702F4FEC7}.Debug|Any CPU.Build.0 = Debug|Any CPU
		{18C8C186-C6D6-48CD-A9CB-C22702F4FEC7}.Release|Any CPU.ActiveCfg = Release|Any CPU
		{18C8C186-C6D6-48CD-A9CB-C22702F4FEC7}.Release|Any CPU.Build.0 = Release|Any CPU
		{FFC4EB4D-E77C-448D-B89A-CC5F4E591E1F}.Debug|Any CPU.ActiveCfg = Debug|Any CPU
		{FFC4EB4D-E77C-448D-B89A-CC5F4E591E1F}.Debug|Any CPU.Build.0 = Debug|Any CPU
		{FFC4EB4D-E77C-448D-B89A-CC5F4E591E1F}.Release|Any CPU.ActiveCfg = Release|Any CPU
		{FFC4EB4D-E77C-448D-B89A-CC5F4E591E1F}.Release|Any CPU.Build.0 = Release|Any CPU
	EndGlobalSection
EndGlobal
